
Microsoft Visual Studio Solution File, Format Version 12.00
# Visual Studio 14
VisualStudioVersion = 14.0.23107.0
MinimumVisualStudioVersion = 10.0.40219.1
Project("{2150E333-8FDC-42A3-9474-1A3956D46DE8}") = "Solution Items", "Solution Items", "{A4C2026F-ADFC-4B7D-9EE9-C37D357C8F48}"
	ProjectSection(SolutionItems) = preProject
		.gitignore = .gitignore
		CustomDictionary.xml = CustomDictionary.xml
		LICENSE = LICENSE
		README.md = README.md
		VS Text Editor Settings.vssettings = VS Text Editor Settings.vssettings
	EndProjectSection
EndProject
Project("{FAE04EC0-301F-11D3-BF4B-00C04F79EFBC}") = "Wicip.Library", "Wicip.Library\Wicip.Library.csproj", "{AC688CF2-D5D7-416C-960E-B14E6EFFCF51}"
EndProject
Project("{FAE04EC0-301F-11D3-BF4B-00C04F79EFBC}") = "Wicip.Sample", "Wicip.Sample\Wicip.Sample.csproj", "{2F62A323-41F5-4FCF-8C3F-FD172ED4CDAF}"
EndProject
Project("{2150E333-8FDC-42A3-9474-1A3956D46DE8}") = "ext", "ext", "{9A1F35AF-8F11-4557-8530-83FDD494B1D6}"
	ProjectSection(SolutionItems) = preProject
		ext\Microsoft.ProjectOxford.Emotion.dll = ext\Microsoft.ProjectOxford.Emotion.dll
	EndProjectSection
EndProject
Global
	GlobalSection(SolutionConfigurationPlatforms) = preSolution
		Debug|Any CPU = Debug|Any CPU
		Debug|ARM = Debug|ARM
		Debug|x64 = Debug|x64
		Debug|x86 = Debug|x86
		Release|Any CPU = Release|Any CPU
		Release|ARM = Release|ARM
		Release|x64 = Release|x64
		Release|x86 = Release|x86
	EndGlobalSection
	GlobalSection(ProjectConfigurationPlatforms) = postSolution
		{AC688CF2-D5D7-416C-960E-B14E6EFFCF51}.Debug|Any CPU.ActiveCfg = Debug|Any CPU
		{AC688CF2-D5D7-416C-960E-B14E6EFFCF51}.Debug|Any CPU.Build.0 = Debug|Any CPU
		{AC688CF2-D5D7-416C-960E-B14E6EFFCF51}.Debug|Any CPU.Deploy.0 = Debug|Any CPU
		{AC688CF2-D5D7-416C-960E-B14E6EFFCF51}.Debug|ARM.ActiveCfg = Debug|ARM
		{AC688CF2-D5D7-416C-960E-B14E6EFFCF51}.Debug|ARM.Build.0 = Debug|ARM
		{AC688CF2-D5D7-416C-960E-B14E6EFFCF51}.Debug|x64.ActiveCfg = Debug|x64
		{AC688CF2-D5D7-416C-960E-B14E6EFFCF51}.Debug|x64.Build.0 = Debug|x64
		{AC688CF2-D5D7-416C-960E-B14E6EFFCF51}.Debug|x86.ActiveCfg = Debug|x86
		{AC688CF2-D5D7-416C-960E-B14E6EFFCF51}.Debug|x86.Build.0 = Debug|x86
		{AC688CF2-D5D7-416C-960E-B14E6EFFCF51}.Release|Any CPU.ActiveCfg = Release|Any CPU
		{AC688CF2-D5D7-416C-960E-B14E6EFFCF51}.Release|Any CPU.Build.0 = Release|Any CPU
		{AC688CF2-D5D7-416C-960E-B14E6EFFCF51}.Release|ARM.ActiveCfg = Release|ARM
		{AC688CF2-D5D7-416C-960E-B14E6EFFCF51}.Release|ARM.Build.0 = Release|ARM
		{AC688CF2-D5D7-416C-960E-B14E6EFFCF51}.Release|x64.ActiveCfg = Release|x64
		{AC688CF2-D5D7-416C-960E-B14E6EFFCF51}.Release|x64.Build.0 = Release|x64
		{AC688CF2-D5D7-416C-960E-B14E6EFFCF51}.Release|x86.ActiveCfg = Release|x86
		{AC688CF2-D5D7-416C-960E-B14E6EFFCF51}.Release|x86.Build.0 = Release|x86
		{2F62A323-41F5-4FCF-8C3F-FD172ED4CDAF}.Debug|Any CPU.ActiveCfg = Debug|x86
		{2F62A323-41F5-4FCF-8C3F-FD172ED4CDAF}.Debug|Any CPU.Build.0 = Debug|x86
		{2F62A323-41F5-4FCF-8C3F-FD172ED4CDAF}.Debug|Any CPU.Deploy.0 = Debug|x86
		{2F62A323-41F5-4FCF-8C3F-FD172ED4CDAF}.Debug|ARM.ActiveCfg = Debug|ARM
		{2F62A323-41F5-4FCF-8C3F-FD172ED4CDAF}.Debug|ARM.Build.0 = Debug|ARM
		{2F62A323-41F5-4FCF-8C3F-FD172ED4CDAF}.Debug|ARM.Deploy.0 = Debug|ARM
		{2F62A323-41F5-4FCF-8C3F-FD172ED4CDAF}.Debug|x64.ActiveCfg = Debug|x64
		{2F62A323-41F5-4FCF-8C3F-FD172ED4CDAF}.Debug|x64.Build.0 = Debug|x64
		{2F62A323-41F5-4FCF-8C3F-FD172ED4CDAF}.Debug|x64.Deploy.0 = Debug|x64
		{2F62A323-41F5-4FCF-8C3F-FD172ED4CDAF}.Debug|x86.ActiveCfg = Debug|x86
		{2F62A323-41F5-4FCF-8C3F-FD172ED4CDAF}.Debug|x86.Build.0 = Debug|x86
		{2F62A323-41F5-4FCF-8C3F-FD172ED4CDAF}.Debug|x86.Deploy.0 = Debug|x86
		{2F62A323-41F5-4FCF-8C3F-FD172ED4CDAF}.Release|Any CPU.ActiveCfg = Release|x86
		{2F62A323-41F5-4FCF-8C3F-FD172ED4CDAF}.Release|Any CPU.Build.0 = Release|x86
		{2F62A323-41F5-4FCF-8C3F-FD172ED4CDAF}.Release|Any CPU.Deploy.0 = Release|x86
		{2F62A323-41F5-4FCF-8C3F-FD172ED4CDAF}.Release|ARM.ActiveCfg = Release|ARM
		{2F62A323-41F5-4FCF-8C3F-FD172ED4CDAF}.Release|ARM.Build.0 = Release|ARM
		{2F62A323-41F5-4FCF-8C3F-FD172ED4CDAF}.Release|ARM.Deploy.0 = Release|ARM
		{2F62A323-41F5-4FCF-8C3F-FD172ED4CDAF}.Release|x64.ActiveCfg = Release|x64
		{2F62A323-41F5-4FCF-8C3F-FD172ED4CDAF}.Release|x64.Build.0 = Release|x64
		{2F62A323-41F5-4FCF-8C3F-FD172ED4CDAF}.Release|x64.Deploy.0 = Release|x64
		{2F62A323-41F5-4FCF-8C3F-FD172ED4CDAF}.Release|x86.ActiveCfg = Release|x86
		{2F62A323-41F5-4FCF-8C3F-FD172ED4CDAF}.Release|x86.Build.0 = Release|x86
		{2F62A323-41F5-4FCF-8C3F-FD172ED4CDAF}.Release|x86.Deploy.0 = Release|x86
	EndGlobalSection
	GlobalSection(SolutionProperties) = preSolution
		HideSolutionNode = FALSE
	EndGlobalSection
EndGlobal
